
Microsoft Visual Studio Solution File, Format Version 12.00
# Visual Studio Version 16
VisualStudioVersion = 16.0.29326.143
MinimumVisualStudioVersion = 10.0.40219.1
Project("{FAE04EC0-301F-11D3-BF4B-00C04F79EFBC}") = "homework.upr6", "homework.upr6\homework.upr6.csproj", "{291B7EA9-5E31-4AEB-9F82-839E6BF8D496}"
EndProject
Global
	GlobalSection(SolutionConfigurationPlatforms) = preSolution
		Debug|Any CPU = Debug|Any CPU
		Release|Any CPU = Release|Any CPU
	EndGlobalSection
	GlobalSection(ProjectConfigurationPlatforms) = postSolution
		{291B7EA9-5E31-4AEB-9F82-839E6BF8D496}.Debug|Any CPU.ActiveCfg = Debug|Any CPU
		{291B7EA9-5E31-4AEB-9F82-839E6BF8D496}.Debug|Any CPU.Build.0 = Debug|Any CPU
		{291B7EA9-5E31-4AEB-9F82-839E6BF8D496}.Release|Any CPU.ActiveCfg = Release|Any CPU
		{291B7EA9-5E31-4AEB-9F82-839E6BF8D496}.Release|Any CPU.Build.0 = Release|Any CPU
	EndGlobalSection
	GlobalSection(SolutionProperties) = preSolution
		HideSolutionNode = FALSE
	EndGlobalSection
	GlobalSection(ExtensibilityGlobals) = postSolution
		SolutionGuid = {0243C913-3EE0-452F-A504-9DFF2483F377}
	EndGlobalSection
EndGlobal
