
Microsoft Visual Studio Solution File, Format Version 12.00
# Visual Studio Version 16
VisualStudioVersion = 16.0.29326.143
MinimumVisualStudioVersion = 10.0.40219.1
Project("{FAE04EC0-301F-11D3-BF4B-00C04F79EFBC}") = "homework2", "homework2\homework2.csproj", "{D6607C91-3ECF-4964-AFD0-0EC10109D0C6}"
EndProject
Global
	GlobalSection(SolutionConfigurationPlatforms) = preSolution
		Debug|Any CPU = Debug|Any CPU
		Release|Any CPU = Release|Any CPU
	EndGlobalSection
	GlobalSection(ProjectConfigurationPlatforms) = postSolution
		{D6607C91-3ECF-4964-AFD0-0EC10109D0C6}.Debug|Any CPU.ActiveCfg = Debug|Any CPU
		{D6607C91-3ECF-4964-AFD0-0EC10109D0C6}.Debug|Any CPU.Build.0 = Debug|Any CPU
		{D6607C91-3ECF-4964-AFD0-0EC10109D0C6}.Release|Any CPU.ActiveCfg = Release|Any CPU
		{D6607C91-3ECF-4964-AFD0-0EC10109D0C6}.Release|Any CPU.Build.0 = Release|Any CPU
	EndGlobalSection
	GlobalSection(SolutionProperties) = preSolution
		HideSolutionNode = FALSE
	EndGlobalSection
	GlobalSection(ExtensibilityGlobals) = postSolution
		SolutionGuid = {27340A5E-3E7F-413D-9452-85D0E9E6AD8B}
	EndGlobalSection
EndGlobal
